
Microsoft Visual Studio Solution File, Format Version 12.00
# Visual Studio 2013
VisualStudioVersion = 12.0.30110.0
MinimumVisualStudioVersion = 10.0.40219.1
Project("{FAE04EC0-301F-11D3-BF4B-00C04F79EFBC}") = "CC.Web", "CC.Web\CC.Web.csproj", "{5EF8F2E5-FBD2-4357-B64B-2A8EA641213F}"
EndProject
Project("{2150E333-8FDC-42A3-9474-1A3956D46DE8}") = ".nuget", ".nuget", "{3DA0DBA7-E33B-425C-9937-8CBE872351A9}"
	ProjectSection(SolutionItems) = preProject
		.nuget\NuGet.Config = .nuget\NuGet.Config
		.nuget\NuGet.exe = .nuget\NuGet.exe
		.nuget\NuGet.targets = .nuget\NuGet.targets
	EndProjectSection
EndProject
Project("{FAE04EC0-301F-11D3-BF4B-00C04F79EFBC}") = "CC.DataAccess", "CC.DataAccess\CC.DataAccess.csproj", "{57E72B09-3299-4AF9-8A81-5D82C37613D7}"
EndProject
Project("{FAE04EC0-301F-11D3-BF4B-00C04F79EFBC}") = "CC.Model", "CC.Model\CC.Model.csproj", "{D91EA111-BAB8-41E3-86CB-E87FDCAECB60}"
EndProject
Global
	GlobalSection(SolutionConfigurationPlatforms) = preSolution
		Debug|Any CPU = Debug|Any CPU
		Release|Any CPU = Release|Any CPU
	EndGlobalSection
	GlobalSection(ProjectConfigurationPlatforms) = postSolution
		{5EF8F2E5-FBD2-4357-B64B-2A8EA641213F}.Debug|Any CPU.ActiveCfg = Debug|Any CPU
		{5EF8F2E5-FBD2-4357-B64B-2A8EA641213F}.Debug|Any CPU.Build.0 = Debug|Any CPU
		{5EF8F2E5-FBD2-4357-B64B-2A8EA641213F}.Release|Any CPU.ActiveCfg = Release|Any CPU
		{5EF8F2E5-FBD2-4357-B64B-2A8EA641213F}.Release|Any CPU.Build.0 = Release|Any CPU
		{57E72B09-3299-4AF9-8A81-5D82C37613D7}.Debug|Any CPU.ActiveCfg = Debug|Any CPU
		{57E72B09-3299-4AF9-8A81-5D82C37613D7}.Debug|Any CPU.Build.0 = Debug|Any CPU
		{57E72B09-3299-4AF9-8A81-5D82C37613D7}.Release|Any CPU.ActiveCfg = Release|Any CPU
		{57E72B09-3299-4AF9-8A81-5D82C37613D7}.Release|Any CPU.Build.0 = Release|Any CPU
		{D91EA111-BAB8-41E3-86CB-E87FDCAECB60}.Debug|Any CPU.ActiveCfg = Debug|Any CPU
		{D91EA111-BAB8-41E3-86CB-E87FDCAECB60}.Debug|Any CPU.Build.0 = Debug|Any CPU
		{D91EA111-BAB8-41E3-86CB-E87FDCAECB60}.Release|Any CPU.ActiveCfg = Release|Any CPU
		{D91EA111-BAB8-41E3-86CB-E87FDCAECB60}.Release|Any CPU.Build.0 = Release|Any CPU
	EndGlobalSection
	GlobalSection(SolutionProperties) = preSolution
		HideSolutionNode = FALSE
	EndGlobalSection
EndGlobal
